
Microsoft Visual Studio Solution File, Format Version 12.00
# Visual Studio Version 17
VisualStudioVersion = 17.5.33414.496
MinimumVisualStudioVersion = 10.0.40219.1
Project("{888888A0-9F3D-457C-B088-3A5042F75D52}") = "BottleDmitriev", "BottleDmitriev\BottleDmitriev.pyproj", "{9A6F0B2C-3178-43BC-91E1-9BD24681DDA7}"
EndProject
Global
	GlobalSection(SolutionConfigurationPlatforms) = preSolution
		Debug|Any CPU = Debug|Any CPU
		Release|Any CPU = Release|Any CPU
	EndGlobalSection
	GlobalSection(ProjectConfigurationPlatforms) = postSolution
		{9A6F0B2C-3178-43BC-91E1-9BD24681DDA7}.Debug|Any CPU.ActiveCfg = Debug|Any CPU
		{9A6F0B2C-3178-43BC-91E1-9BD24681DDA7}.Debug|Any CPU.Build.0 = Debug|Any CPU
		{9A6F0B2C-3178-43BC-91E1-9BD24681DDA7}.Release|Any CPU.ActiveCfg = Release|Any CPU
		{9A6F0B2C-3178-43BC-91E1-9BD24681DDA7}.Release|Any CPU.Build.0 = Release|Any CPU
	EndGlobalSection
	GlobalSection(SolutionProperties) = preSolution
		HideSolutionNode = FALSE
	EndGlobalSection
	GlobalSection(ExtensibilityGlobals) = postSolution
		SolutionGuid = {9645451B-D51D-47A8-A006-F0E43D2E5FF6}
	EndGlobalSection
EndGlobal
